
Microsoft Visual Studio Solution File, Format Version 12.00
# Visual Studio Version 17
VisualStudioVersion = 17.10.35013.160
MinimumVisualStudioVersion = 10.0.40219.1
Project("{888888A0-9F3D-457C-B088-3A5042F75D52}") = "FirstFight", "FirstFight\FirstFight.pyproj", "{39BA2341-F212-42D5-896B-A16FA3BF707F}"
EndProject
Global
	GlobalSection(SolutionConfigurationPlatforms) = preSolution
		Debug|Any CPU = Debug|Any CPU
		Release|Any CPU = Release|Any CPU
	EndGlobalSection
	GlobalSection(ProjectConfigurationPlatforms) = postSolution
		{39BA2341-F212-42D5-896B-A16FA3BF707F}.Debug|Any CPU.ActiveCfg = Debug|Any CPU
		{39BA2341-F212-42D5-896B-A16FA3BF707F}.Release|Any CPU.ActiveCfg = Release|Any CPU
	EndGlobalSection
	GlobalSection(SolutionProperties) = preSolution
		HideSolutionNode = FALSE
	EndGlobalSection
	GlobalSection(ExtensibilityGlobals) = postSolution
		SolutionGuid = {94F7101C-36F6-4D73-AE81-FEB0D9D236F7}
	EndGlobalSection
EndGlobal
